// !$*UTF8*$!
{
	archiveVersion = 1;
	classes = {
	};
	objectVersion = 55;
	objects = {

/* Begin PBXBuildFile section */
		3E6556BD2B95BB810061F19C /* MovieListViewController.swift in Sources */ = {isa = PBXBuildFile; fileRef = 3E6556BC2B95BB810061F19C /* MovieListViewController.swift */; };
		3E6556BF2B95BC540061F19C /* MovieListCollectionViewCell.swift in Sources */ = {isa = PBXBuildFile; fileRef = 3E6556BE2B95BC540061F19C /* MovieListCollectionViewCell.swift */; };
		3E6556C12B95BE800061F19C /* MovieListView.swift in Sources */ = {isa = PBXBuildFile; fileRef = 3E6556C02B95BE800061F19C /* MovieListView.swift */; };
		3E6556C52B9603780061F19C /* EndpointImage.swift in Sources */ = {isa = PBXBuildFile; fileRef = 3E6556C42B9603780061F19C /* EndpointImage.swift */; };
		3E6556C72B96EE9F0061F19C /* SearchViewController.swift in Sources */ = {isa = PBXBuildFile; fileRef = 3E6556C62B96EE9F0061F19C /* SearchViewController.swift */; };
		3E94EE662B9328610008D69E /* AppDelegate.swift in Sources */ = {isa = PBXBuildFile; fileRef = 3E94EE652B9328610008D69E /* AppDelegate.swift */; };
		3E94EE682B9328610008D69E /* SceneDelegate.swift in Sources */ = {isa = PBXBuildFile; fileRef = 3E94EE672B9328610008D69E /* SceneDelegate.swift */; };
		3E94EE6A2B9328610008D69E /* RootTabBarController.swift in Sources */ = {isa = PBXBuildFile; fileRef = 3E94EE692B9328610008D69E /* RootTabBarController.swift */; };
		3E94EE6F2B9328660008D69E /* Assets.xcassets in Resources */ = {isa = PBXBuildFile; fileRef = 3E94EE6E2B9328660008D69E /* Assets.xcassets */; };
		3E94EE7E2B932BC10008D69E /* NetworkManager.swift in Sources */ = {isa = PBXBuildFile; fileRef = 3E94EE7D2B932BC10008D69E /* NetworkManager.swift */; };
		3E94EE802B932CB20008D69E /* Movies.swift in Sources */ = {isa = PBXBuildFile; fileRef = 3E94EE7F2B932CB20008D69E /* Movies.swift */; };
		3E94EE822B932CC70008D69E /* Movie.swift in Sources */ = {isa = PBXBuildFile; fileRef = 3E94EE812B932CC70008D69E /* Movie.swift */; };
		3E94EE842B932E7E0008D69E /* EndpointMovie.swift in Sources */ = {isa = PBXBuildFile; fileRef = 3E94EE832B932E7E0008D69E /* EndpointMovie.swift */; };
		3E94EE862B9333E20008D69E /* RatingMoviesViewController.swift in Sources */ = {isa = PBXBuildFile; fileRef = 3E94EE852B9333E20008D69E /* RatingMoviesViewController.swift */; };
		3E94EE882B93348B0008D69E /* MoviesCollectionView.swift in Sources */ = {isa = PBXBuildFile; fileRef = 3E94EE872B93348B0008D69E /* MoviesCollectionView.swift */; };
		3E94EE8A2B9334C40008D69E /* MoviesCollectionViewCell.swift in Sources */ = {isa = PBXBuildFile; fileRef = 3E94EE892B9334C40008D69E /* MoviesCollectionViewCell.swift */; };
		3E94EE8C2B934CA50008D69E /* FullScreenMovieView.swift in Sources */ = {isa = PBXBuildFile; fileRef = 3E94EE8B2B934CA50008D69E /* FullScreenMovieView.swift */; };
		3E94EE8E2B934D450008D69E /* FullScreenMovieViewController.swift in Sources */ = {isa = PBXBuildFile; fileRef = 3E94EE8D2B934D450008D69E /* FullScreenMovieViewController.swift */; };
		3E94EE962B945A160008D69E /* PosterView.swift in Sources */ = {isa = PBXBuildFile; fileRef = 3E94EE952B945A150008D69E /* PosterView.swift */; };
		3E94EE982B9470910008D69E /* GenresViewController.swift in Sources */ = {isa = PBXBuildFile; fileRef = 3E94EE972B9470900008D69E /* GenresViewController.swift */; };
		3E94EE9A2B9470D60008D69E /* GenresCollectionView.swift in Sources */ = {isa = PBXBuildFile; fileRef = 3E94EE992B9470D60008D69E /* GenresCollectionView.swift */; };
		3E94EE9C2B9471720008D69E /* GenresCollectionViewCell.swift in Sources */ = {isa = PBXBuildFile; fileRef = 3E94EE9B2B9471710008D69E /* GenresCollectionViewCell.swift */; };
		3E94EE9E2B94794C0008D69E /* Genres.swift in Sources */ = {isa = PBXBuildFile; fileRef = 3E94EE9D2B94794B0008D69E /* Genres.swift */; };
		3E94EEA02B95B8BD0008D69E /* Constants.swift in Sources */ = {isa = PBXBuildFile; fileRef = 3E94EE9F2B95B8BC0008D69E /* Constants.swift */; };
/* End PBXBuildFile section */

/* Begin PBXFileReference section */
		3E6556BC2B95BB810061F19C /* MovieListViewController.swift */ = {isa = PBXFileReference; lastKnownFileType = sourcecode.swift; path = MovieListViewController.swift; sourceTree = "<group>"; };
		3E6556BE2B95BC540061F19C /* MovieListCollectionViewCell.swift */ = {isa = PBXFileReference; lastKnownFileType = sourcecode.swift; path = MovieListCollectionViewCell.swift; sourceTree = "<group>"; };
		3E6556C02B95BE800061F19C /* MovieListView.swift */ = {isa = PBXFileReference; lastKnownFileType = sourcecode.swift; path = MovieListView.swift; sourceTree = "<group>"; };
		3E6556C42B9603780061F19C /* EndpointImage.swift */ = {isa = PBXFileReference; lastKnownFileType = sourcecode.swift; path = EndpointImage.swift; sourceTree = "<group>"; };
		3E6556C62B96EE9F0061F19C /* SearchViewController.swift */ = {isa = PBXFileReference; lastKnownFileType = sourcecode.swift; path = SearchViewController.swift; sourceTree = "<group>"; };
		3E94EE622B9328610008D69E /* TheMovieTMDB.app */ = {isa = PBXFileReference; explicitFileType = wrapper.application; includeInIndex = 0; path = TheMovieTMDB.app; sourceTree = BUILT_PRODUCTS_DIR; };
		3E94EE652B9328610008D69E /* AppDelegate.swift */ = {isa = PBXFileReference; lastKnownFileType = sourcecode.swift; path = AppDelegate.swift; sourceTree = "<group>"; };
		3E94EE672B9328610008D69E /* SceneDelegate.swift */ = {isa = PBXFileReference; lastKnownFileType = sourcecode.swift; path = SceneDelegate.swift; sourceTree = "<group>"; };
		3E94EE692B9328610008D69E /* RootTabBarController.swift */ = {isa = PBXFileReference; lastKnownFileType = sourcecode.swift; path = RootTabBarController.swift; sourceTree = "<group>"; };
		3E94EE6E2B9328660008D69E /* Assets.xcassets */ = {isa = PBXFileReference; lastKnownFileType = folder.assetcatalog; path = Assets.xcassets; sourceTree = "<group>"; };
		3E94EE732B9328660008D69E /* Info.plist */ = {isa = PBXFileReference; lastKnownFileType = text.plist.xml; path = Info.plist; sourceTree = "<group>"; };
		3E94EE7D2B932BC10008D69E /* NetworkManager.swift */ = {isa = PBXFileReference; lastKnownFileType = sourcecode.swift; path = NetworkManager.swift; sourceTree = "<group>"; };
		3E94EE7F2B932CB20008D69E /* Movies.swift */ = {isa = PBXFileReference; lastKnownFileType = sourcecode.swift; path = Movies.swift; sourceTree = "<group>"; };
		3E94EE812B932CC70008D69E /* Movie.swift */ = {isa = PBXFileReference; lastKnownFileType = sourcecode.swift; path = Movie.swift; sourceTree = "<group>"; };
		3E94EE832B932E7E0008D69E /* EndpointMovie.swift */ = {isa = PBXFileReference; lastKnownFileType = sourcecode.swift; path = EndpointMovie.swift; sourceTree = "<group>"; };
		3E94EE852B9333E20008D69E /* RatingMoviesViewController.swift */ = {isa = PBXFileReference; lastKnownFileType = sourcecode.swift; path = RatingMoviesViewController.swift; sourceTree = "<group>"; };
		3E94EE872B93348B0008D69E /* MoviesCollectionView.swift */ = {isa = PBXFileReference; lastKnownFileType = sourcecode.swift; path = MoviesCollectionView.swift; sourceTree = "<group>"; };
		3E94EE892B9334C40008D69E /* MoviesCollectionViewCell.swift */ = {isa = PBXFileReference; lastKnownFileType = sourcecode.swift; path = MoviesCollectionViewCell.swift; sourceTree = "<group>"; };
		3E94EE8B2B934CA50008D69E /* FullScreenMovieView.swift */ = {isa = PBXFileReference; lastKnownFileType = sourcecode.swift; path = FullScreenMovieView.swift; sourceTree = "<group>"; };
		3E94EE8D2B934D450008D69E /* FullScreenMovieViewController.swift */ = {isa = PBXFileReference; lastKnownFileType = sourcecode.swift; path = FullScreenMovieViewController.swift; sourceTree = "<group>"; };
		3E94EE952B945A150008D69E /* PosterView.swift */ = {isa = PBXFileReference; lastKnownFileType = sourcecode.swift; path = PosterView.swift; sourceTree = "<group>"; };
		3E94EE972B9470900008D69E /* GenresViewController.swift */ = {isa = PBXFileReference; lastKnownFileType = sourcecode.swift; path = GenresViewController.swift; sourceTree = "<group>"; };
		3E94EE992B9470D60008D69E /* GenresCollectionView.swift */ = {isa = PBXFileReference; lastKnownFileType = sourcecode.swift; path = GenresCollectionView.swift; sourceTree = "<group>"; };
		3E94EE9B2B9471710008D69E /* GenresCollectionViewCell.swift */ = {isa = PBXFileReference; lastKnownFileType = sourcecode.swift; path = GenresCollectionViewCell.swift; sourceTree = "<group>"; };
		3E94EE9D2B94794B0008D69E /* Genres.swift */ = {isa = PBXFileReference; lastKnownFileType = sourcecode.swift; path = Genres.swift; sourceTree = "<group>"; };
		3E94EE9F2B95B8BC0008D69E /* Constants.swift */ = {isa = PBXFileReference; lastKnownFileType = sourcecode.swift; path = Constants.swift; sourceTree = "<group>"; };
/* End PBXFileReference section */

/* Begin PBXFrameworksBuildPhase section */
		3E94EE5F2B9328610008D69E /* Frameworks */ = {
			isa = PBXFrameworksBuildPhase;
			buildActionMask = 2147483647;
			files = (
			);
			runOnlyForDeploymentPostprocessing = 0;
		};
/* End PBXFrameworksBuildPhase section */

/* Begin PBXGroup section */
		3E6556C22B95BF290061F19C /* MovieListView */ = {
			isa = PBXGroup;
			children = (
				3E6556BE2B95BC540061F19C /* MovieListCollectionViewCell.swift */,
				3E6556C02B95BE800061F19C /* MovieListView.swift */,
			);
			path = MovieListView;
			sourceTree = "<group>";
		};
		3E6556C32B95ED1B0061F19C /* GenresView */ = {
			isa = PBXGroup;
			children = (
				3E94EE9B2B9471710008D69E /* GenresCollectionViewCell.swift */,
				3E94EE992B9470D60008D69E /* GenresCollectionView.swift */,
			);
			path = GenresView;
			sourceTree = "<group>";
		};
		3E94EE592B9328600008D69E = {
			isa = PBXGroup;
			children = (
				3E94EE642B9328610008D69E /* TheMovieTMDB */,
				3E94EE632B9328610008D69E /* Products */,
			);
			sourceTree = "<group>";
		};
		3E94EE632B9328610008D69E /* Products */ = {
			isa = PBXGroup;
			children = (
				3E94EE622B9328610008D69E /* TheMovieTMDB.app */,
			);
			name = Products;
			sourceTree = "<group>";
		};
		3E94EE642B9328610008D69E /* TheMovieTMDB */ = {
			isa = PBXGroup;
			children = (
				3E94EE7B2B9328A40008D69E /* Controllers */,
				3E94EE7A2B9328970008D69E /* Views */,
				3E94EE792B9328850008D69E /* Models */,
				3E94EE7C2B9328D30008D69E /* AppDelegate */,
				3E94EE6E2B9328660008D69E /* Assets.xcassets */,
				3E94EE732B9328660008D69E /* Info.plist */,
			);
			path = TheMovieTMDB;
			sourceTree = "<group>";
		};
		3E94EE792B9328850008D69E /* Models */ = {
			isa = PBXGroup;
			children = (
				3E94EE7F2B932CB20008D69E /* Movies.swift */,
				3E94EE9D2B94794B0008D69E /* Genres.swift */,
				3E94EE812B932CC70008D69E /* Movie.swift */,
				3E94EE7D2B932BC10008D69E /* NetworkManager.swift */,
				3E94EE832B932E7E0008D69E /* EndpointMovie.swift */,
				3E6556C42B9603780061F19C /* EndpointImage.swift */,
				3E94EE9F2B95B8BC0008D69E /* Constants.swift */,
			);
			path = Models;
			sourceTree = "<group>";
		};
		3E94EE7A2B9328970008D69E /* Views */ = {
			isa = PBXGroup;
			children = (
				3E94EE942B93B9AB0008D69E /* MoviesCollectionView */,
				3E6556C22B95BF290061F19C /* MovieListView */,
				3E6556C32B95ED1B0061F19C /* GenresView */,
				3E94EE8B2B934CA50008D69E /* FullScreenMovieView.swift */,
				3E94EE952B945A150008D69E /* PosterView.swift */,
			);
			path = Views;
			sourceTree = "<group>";
		};
		3E94EE7B2B9328A40008D69E /* Controllers */ = {
			isa = PBXGroup;
			children = (
				3E94EE692B9328610008D69E /* RootTabBarController.swift */,
				3E94EE852B9333E20008D69E /* RatingMoviesViewController.swift */,
				3E94EE8D2B934D450008D69E /* FullScreenMovieViewController.swift */,
				3E94EE972B9470900008D69E /* GenresViewController.swift */,
				3E6556BC2B95BB810061F19C /* MovieListViewController.swift */,
				3E6556C62B96EE9F0061F19C /* SearchViewController.swift */,
			);
			path = Controllers;
			sourceTree = "<group>";
		};
		3E94EE7C2B9328D30008D69E /* AppDelegate */ = {
			isa = PBXGroup;
			children = (
				3E94EE652B9328610008D69E /* AppDelegate.swift */,
				3E94EE672B9328610008D69E /* SceneDelegate.swift */,
			);
			path = AppDelegate;
			sourceTree = "<group>";
		};
		3E94EE942B93B9AB0008D69E /* MoviesCollectionView */ = {
			isa = PBXGroup;
			children = (
				3E94EE872B93348B0008D69E /* MoviesCollectionView.swift */,
				3E94EE892B9334C40008D69E /* MoviesCollectionViewCell.swift */,
			);
			path = MoviesCollectionView;
			sourceTree = "<group>";
		};
/* End PBXGroup section */

/* Begin PBXNativeTarget section */
		3E94EE612B9328610008D69E /* TheMovieTMDB */ = {
			isa = PBXNativeTarget;
			buildConfigurationList = 3E94EE762B9328660008D69E /* Build configuration list for PBXNativeTarget "TheMovieTMDB" */;
			buildPhases = (
				3E94EE5E2B9328610008D69E /* Sources */,
				3E94EE5F2B9328610008D69E /* Frameworks */,
				3E94EE602B9328610008D69E /* Resources */,
			);
			buildRules = (
			);
			dependencies = (
			);
			name = TheMovieTMDB;
			productName = TheMovieTMDB;
			productReference = 3E94EE622B9328610008D69E /* TheMovieTMDB.app */;
			productType = "com.apple.product-type.application";
		};
/* End PBXNativeTarget section */

/* Begin PBXProject section */
		3E94EE5A2B9328600008D69E /* Project object */ = {
			isa = PBXProject;
			attributes = {
				BuildIndependentTargetsInParallel = 1;
				LastSwiftUpdateCheck = 1320;
				LastUpgradeCheck = 1320;
				TargetAttributes = {
					3E94EE612B9328610008D69E = {
						CreatedOnToolsVersion = 13.2;
					};
				};
			};
			buildConfigurationList = 3E94EE5D2B9328600008D69E /* Build configuration list for PBXProject "TheMovieTMDB" */;
			compatibilityVersion = "Xcode 13.0";
			developmentRegion = en;
			hasScannedForEncodings = 0;
			knownRegions = (
				en,
				Base,
			);
			mainGroup = 3E94EE592B9328600008D69E;
			productRefGroup = 3E94EE632B9328610008D69E /* Products */;
			projectDirPath = "";
			projectRoot = "";
			targets = (
				3E94EE612B9328610008D69E /* TheMovieTMDB */,
			);
		};
/* End PBXProject section */

/* Begin PBXResourcesBuildPhase section */
		3E94EE602B9328610008D69E /* Resources */ = {
			isa = PBXResourcesBuildPhase;
			buildActionMask = 2147483647;
			files = (
				3E94EE6F2B9328660008D69E /* Assets.xcassets in Resources */,
			);
			runOnlyForDeploymentPostprocessing = 0;
		};
/* End PBXResourcesBuildPhase section */

/* Begin PBXSourcesBuildPhase section */
		3E94EE5E2B9328610008D69E /* Sources */ = {
			isa = PBXSourcesBuildPhase;
			buildActionMask = 2147483647;
			files = (
				3E94EE962B945A160008D69E /* PosterView.swift in Sources */,
				3E6556BF2B95BC540061F19C /* MovieListCollectionViewCell.swift in Sources */,
				3E94EE9E2B94794C0008D69E /* Genres.swift in Sources */,
				3E94EE8E2B934D450008D69E /* FullScreenMovieViewController.swift in Sources */,
				3E94EE9A2B9470D60008D69E /* GenresCollectionView.swift in Sources */,
				3E94EE802B932CB20008D69E /* Movies.swift in Sources */,
				3E94EE9C2B9471720008D69E /* GenresCollectionViewCell.swift in Sources */,
				3E94EE882B93348B0008D69E /* MoviesCollectionView.swift in Sources */,
				3E6556C12B95BE800061F19C /* MovieListView.swift in Sources */,
				3E94EE7E2B932BC10008D69E /* NetworkManager.swift in Sources */,
				3E6556C52B9603780061F19C /* EndpointImage.swift in Sources */,
				3E94EE822B932CC70008D69E /* Movie.swift in Sources */,
				3E94EE6A2B9328610008D69E /* RootTabBarController.swift in Sources */,
				3E6556C72B96EE9F0061F19C /* SearchViewController.swift in Sources */,
				3E94EE842B932E7E0008D69E /* EndpointMovie.swift in Sources */,
				3E6556BD2B95BB810061F19C /* MovieListViewController.swift in Sources */,
				3E94EE8C2B934CA50008D69E /* FullScreenMovieView.swift in Sources */,
				3E94EE862B9333E20008D69E /* RatingMoviesViewController.swift in Sources */,
				3E94EE982B9470910008D69E /* GenresViewController.swift in Sources */,
				3E94EE662B9328610008D69E /* AppDelegate.swift in Sources */,
				3E94EE682B9328610008D69E /* SceneDelegate.swift in Sources */,
				3E94EE8A2B9334C40008D69E /* MoviesCollectionViewCell.swift in Sources */,
				3E94EEA02B95B8BD0008D69E /* Constants.swift in Sources */,
			);
			runOnlyForDeploymentPostprocessing = 0;
		};
/* End PBXSourcesBuildPhase section */

/* Begin XCBuildConfiguration section */
		3E94EE742B9328660008D69E /* Debug */ = {
			isa = XCBuildConfiguration;
			buildSettings = {
				ALWAYS_SEARCH_USER_PATHS = NO;
				CLANG_ANALYZER_NONNULL = YES;
				CLANG_ANALYZER_NUMBER_OBJECT_CONVERSION = YES_AGGRESSIVE;
				CLANG_CXX_LANGUAGE_STANDARD = "gnu++17";
				CLANG_CXX_LIBRARY = "libc++";
				CLANG_ENABLE_MODULES = YES;
				CLANG_ENABLE_OBJC_ARC = YES;
				CLANG_ENABLE_OBJC_WEAK = YES;
				CLANG_WARN_BLOCK_CAPTURE_AUTORELEASING = YES;
				CLANG_WARN_BOOL_CONVERSION = YES;
				CLANG_WARN_COMMA = YES;
				CLANG_WARN_CONSTANT_CONVERSION = YES;
				CLANG_WARN_DEPRECATED_OBJC_IMPLEMENTATIONS = YES;
				CLANG_WARN_DIRECT_OBJC_ISA_USAGE = YES_ERROR;
				CLANG_WARN_DOCUMENTATION_COMMENTS = YES;
				CLANG_WARN_EMPTY_BODY = YES;
				CLANG_WARN_ENUM_CONVERSION = YES;
				CLANG_WARN_INFINITE_RECURSION = YES;
				CLANG_WARN_INT_CONVERSION = YES;
				CLANG_WARN_NON_LITERAL_NULL_CONVERSION = YES;
				CLANG_WARN_OBJC_IMPLICIT_RETAIN_SELF = YES;
				CLANG_WARN_OBJC_LITERAL_CONVERSION = YES;
				CLANG_WARN_OBJC_ROOT_CLASS = YES_ERROR;
				CLANG_WARN_QUOTED_INCLUDE_IN_FRAMEWORK_HEADER = YES;
				CLANG_WARN_RANGE_LOOP_ANALYSIS = YES;
				CLANG_WARN_STRICT_PROTOTYPES = YES;
				CLANG_WARN_SUSPICIOUS_MOVE = YES;
				CLANG_WARN_UNGUARDED_AVAILABILITY = YES_AGGRESSIVE;
				CLANG_WARN_UNREACHABLE_CODE = YES;
				CLANG_WARN__DUPLICATE_METHOD_MATCH = YES;
				COPY_PHASE_STRIP = NO;
				DEBUG_INFORMATION_FORMAT = dwarf;
				ENABLE_STRICT_OBJC_MSGSEND = YES;
				ENABLE_TESTABILITY = YES;
				GCC_C_LANGUAGE_STANDARD = gnu11;
				GCC_DYNAMIC_NO_PIC = NO;
				GCC_NO_COMMON_BLOCKS = YES;
				GCC_OPTIMIZATION_LEVEL = 0;
				GCC_PREPROCESSOR_DEFINITIONS = (
					"DEBUG=1",
					"$(inherited)",
				);
				GCC_WARN_64_TO_32_BIT_CONVERSION = YES;
				GCC_WARN_ABOUT_RETURN_TYPE = YES_ERROR;
				GCC_WARN_UNDECLARED_SELECTOR = YES;
				GCC_WARN_UNINITIALIZED_AUTOS = YES_AGGRESSIVE;
				GCC_WARN_UNUSED_FUNCTION = YES;
				GCC_WARN_UNUSED_VARIABLE = YES;
				IPHONEOS_DEPLOYMENT_TARGET = 15.2;
				MTL_ENABLE_DEBUG_INFO = INCLUDE_SOURCE;
				MTL_FAST_MATH = YES;
				ONLY_ACTIVE_ARCH = YES;
				SDKROOT = iphoneos;
				SWIFT_ACTIVE_COMPILATION_CONDITIONS = DEBUG;
				SWIFT_OPTIMIZATION_LEVEL = "-Onone";
			};
			name = Debug;
		};
		3E94EE752B9328660008D69E /* Release */ = {
			isa = XCBuildConfiguration;
			buildSettings = {
				ALWAYS_SEARCH_USER_PATHS = NO;
				CLANG_ANALYZER_NONNULL = YES;
				CLANG_ANALYZER_NUMBER_OBJECT_CONVERSION = YES_AGGRESSIVE;
				CLANG_CXX_LANGUAGE_STANDARD = "gnu++17";
				CLANG_CXX_LIBRARY = "libc++";
				CLANG_ENABLE_MODULES = YES;
				CLANG_ENABLE_OBJC_ARC = YES;
				CLANG_ENABLE_OBJC_WEAK = YES;
				CLANG_WARN_BLOCK_CAPTURE_AUTORELEASING = YES;
				CLANG_WARN_BOOL_CONVERSION = YES;
				CLANG_WARN_COMMA = YES;
				CLANG_WARN_CONSTANT_CONVERSION = YES;
				CLANG_WARN_DEPRECATED_OBJC_IMPLEMENTATIONS = YES;
				CLANG_WARN_DIRECT_OBJC_ISA_USAGE = YES_ERROR;
				CLANG_WARN_DOCUMENTATION_COMMENTS = YES;
				CLANG_WARN_EMPTY_BODY = YES;
				CLANG_WARN_ENUM_CONVERSION = YES;
				CLANG_WARN_INFINITE_RECURSION = YES;
				CLANG_WARN_INT_CONVERSION = YES;
				CLANG_WARN_NON_LITERAL_NULL_CONVERSION = YES;
				CLANG_WARN_OBJC_IMPLICIT_RETAIN_SELF = YES;
				CLANG_WARN_OBJC_LITERAL_CONVERSION = YES;
				CLANG_WARN_OBJC_ROOT_CLASS = YES_ERROR;
				CLANG_WARN_QUOTED_INCLUDE_IN_FRAMEWORK_HEADER = YES;
				CLANG_WARN_RANGE_LOOP_ANALYSIS = YES;
				CLANG_WARN_STRICT_PROTOTYPES = YES;
				CLANG_WARN_SUSPICIOUS_MOVE = YES;
				CLANG_WARN_UNGUARDED_AVAILABILITY = YES_AGGRESSIVE;
				CLANG_WARN_UNREACHABLE_CODE = YES;
				CLANG_WARN__DUPLICATE_METHOD_MATCH = YES;
				COPY_PHASE_STRIP = NO;
				DEBUG_INFORMATION_FORMAT = "dwarf-with-dsym";
				ENABLE_NS_ASSERTIONS = NO;
				ENABLE_STRICT_OBJC_MSGSEND = YES;
				GCC_C_LANGUAGE_STANDARD = gnu11;
				GCC_NO_COMMON_BLOCKS = YES;
				GCC_WARN_64_TO_32_BIT_CONVERSION = YES;
				GCC_WARN_ABOUT_RETURN_TYPE = YES_ERROR;
				GCC_WARN_UNDECLARED_SELECTOR = YES;
				GCC_WARN_UNINITIALIZED_AUTOS = YES_AGGRESSIVE;
				GCC_WARN_UNUSED_FUNCTION = YES;
				GCC_WARN_UNUSED_VARIABLE = YES;
				IPHONEOS_DEPLOYMENT_TARGET = 15.2;
				MTL_ENABLE_DEBUG_INFO = NO;
				MTL_FAST_MATH = YES;
				SDKROOT = iphoneos;
				SWIFT_COMPILATION_MODE = wholemodule;
				SWIFT_OPTIMIZATION_LEVEL = "-O";
				VALIDATE_PRODUCT = YES;
			};
			name = Release;
		};
		3E94EE772B9328660008D69E /* Debug */ = {
			isa = XCBuildConfiguration;
			buildSettings = {
				ASSETCATALOG_COMPILER_APPICON_NAME = AppIcon;
				ASSETCATALOG_COMPILER_GLOBAL_ACCENT_COLOR_NAME = AccentColor;
				CODE_SIGN_STYLE = Automatic;
				CURRENT_PROJECT_VERSION = 1;
				GENERATE_INFOPLIST_FILE = YES;
				INFOPLIST_FILE = TheMovieTMDB/Info.plist;
				INFOPLIST_KEY_UIApplicationSupportsIndirectInputEvents = YES;
				INFOPLIST_KEY_UILaunchStoryboardName = LaunchScreen;
				INFOPLIST_KEY_UISupportedInterfaceOrientations_iPad = "UIInterfaceOrientationPortrait UIInterfaceOrientationPortraitUpsideDown UIInterfaceOrientationLandscapeLeft UIInterfaceOrientationLandscapeRight";
				INFOPLIST_KEY_UISupportedInterfaceOrientations_iPhone = "UIInterfaceOrientationPortrait UIInterfaceOrientationLandscapeLeft UIInterfaceOrientationLandscapeRight";
				LD_RUNPATH_SEARCH_PATHS = (
					"$(inherited)",
					"@executable_path/Frameworks",
				);
				MARKETING_VERSION = 1.0;
				PRODUCT_BUNDLE_IDENTIFIER = Connect.TheMovieTMDB;
				PRODUCT_NAME = "$(TARGET_NAME)";
				SWIFT_EMIT_LOC_STRINGS = YES;
				SWIFT_VERSION = 5.0;
				TARGETED_DEVICE_FAMILY = "1,2";
			};
			name = Debug;
		};
		3E94EE782B9328660008D69E /* Release */ = {
			isa = XCBuildConfiguration;
			buildSettings = {
				ASSETCATALOG_COMPILER_APPICON_NAME = AppIcon;
				ASSETCATALOG_COMPILER_GLOBAL_ACCENT_COLOR_NAME = AccentColor;
				CODE_SIGN_STYLE = Automatic;
				CURRENT_PROJECT_VERSION = 1;
				GENERATE_INFOPLIST_FILE = YES;
				INFOPLIST_FILE = TheMovieTMDB/Info.plist;
				INFOPLIST_KEY_UIApplicationSupportsIndirectInputEvents = YES;
				INFOPLIST_KEY_UILaunchStoryboardName = LaunchScreen;
				INFOPLIST_KEY_UISupportedInterfaceOrientations_iPad = "UIInterfaceOrientationPortrait UIInterfaceOrientationPortraitUpsideDown UIInterfaceOrientationLandscapeLeft UIInterfaceOrientationLandscapeRight";
				INFOPLIST_KEY_UISupportedInterfaceOrientations_iPhone = "UIInterfaceOrientationPortrait UIInterfaceOrientationLandscapeLeft UIInterfaceOrientationLandscapeRight";
				LD_RUNPATH_SEARCH_PATHS = (
					"$(inherited)",
					"@executable_path/Frameworks",
				);
				MARKETING_VERSION = 1.0;
				PRODUCT_BUNDLE_IDENTIFIER = Connect.TheMovieTMDB;
				PRODUCT_NAME = "$(TARGET_NAME)";
				SWIFT_EMIT_LOC_STRINGS = YES;
				SWIFT_VERSION = 5.0;
				TARGETED_DEVICE_FAMILY = "1,2";
			};
			name = Release;
		};
/* End XCBuildConfiguration section */

/* Begin XCConfigurationList section */
		3E94EE5D2B9328600008D69E /* Build configuration list for PBXProject "TheMovieTMDB" */ = {
			isa = XCConfigurationList;
			buildConfigurations = (
				3E94EE742B9328660008D69E /* Debug */,
				3E94EE752B9328660008D69E /* Release */,
			);
			defaultConfigurationIsVisible = 0;
			defaultConfigurationName = Release;
		};
		3E94EE762B9328660008D69E /* Build configuration list for PBXNativeTarget "TheMovieTMDB" */ = {
			isa = XCConfigurationList;
			buildConfigurations = (
				3E94EE772B9328660008D69E /* Debug */,
				3E94EE782B9328660008D69E /* Release */,
			);
			defaultConfigurationIsVisible = 0;
			defaultConfigurationName = Release;
		};
/* End XCConfigurationList section */
	};
	rootObject = 3E94EE5A2B9328600008D69E /* Project object */;
}
